
Microsoft Visual Studio Solution File, Format Version 12.00
# Visual Studio Version 17
VisualStudioVersion = 17.8.34330.188
MinimumVisualStudioVersion = 10.0.40219.1
Project("{FAE04EC0-301F-11D3-BF4B-00C04F79EFBC}") = "ExpressValidator.Extensions.ValidationOnStart", "..\..\src\ExpressValidator.Extensions.ValidationOnStart.csproj", "{5E39253E-4006-1C8B-584C-64F1C71369FD}"
EndProject
Project("{FAE04EC0-301F-11D3-BF4B-00C04F79EFBC}") = "Samples", "Samples.csproj", "{E4872347-A244-1216-9685-2A128BFF7897}"
EndProject
Global
	GlobalSection(SolutionConfigurationPlatforms) = preSolution
		Debug|Any CPU = Debug|Any CPU
		Release|Any CPU = Release|Any CPU
	EndGlobalSection
	GlobalSection(ProjectConfigurationPlatforms) = postSolution
		{5E39253E-4006-1C8B-584C-64F1C71369FD}.Debug|Any CPU.ActiveCfg = Debug|Any CPU
		{5E39253E-4006-1C8B-584C-64F1C71369FD}.Debug|Any CPU.Build.0 = Debug|Any CPU
		{5E39253E-4006-1C8B-584C-64F1C71369FD}.Release|Any CPU.ActiveCfg = Release|Any CPU
		{5E39253E-4006-1C8B-584C-64F1C71369FD}.Release|Any CPU.Build.0 = Release|Any CPU
		{E4872347-A244-1216-9685-2A128BFF7897}.Debug|Any CPU.ActiveCfg = Debug|Any CPU
		{E4872347-A244-1216-9685-2A128BFF7897}.Debug|Any CPU.Build.0 = Debug|Any CPU
		{E4872347-A244-1216-9685-2A128BFF7897}.Release|Any CPU.ActiveCfg = Release|Any CPU
		{E4872347-A244-1216-9685-2A128BFF7897}.Release|Any CPU.Build.0 = Release|Any CPU
	EndGlobalSection
	GlobalSection(SolutionProperties) = preSolution
		HideSolutionNode = FALSE
	EndGlobalSection
	GlobalSection(ExtensibilityGlobals) = postSolution
		SolutionGuid = {6D267A2B-E646-4FA7-8153-F9951892014A}
	EndGlobalSection
EndGlobal
